// !$*UTF8*$!
{
	archiveVersion = 1;
	classes = {
	};
	objectVersion = 50;
	objects = {

/* Begin PBXBuildFile section */
		0ACCF8BB26126E7500B971AB /* AppDelegate.swift in Sources */ = {isa = PBXBuildFile; fileRef = 0ACCF8BA26126E7500B971AB /* AppDelegate.swift */; };
		0ACCF8BD26126E7500B971AB /* SceneDelegate.swift in Sources */ = {isa = PBXBuildFile; fileRef = 0ACCF8BC26126E7500B971AB /* SceneDelegate.swift */; };
		0ACCF8BF26126E7500B971AB /* ViewController.swift in Sources */ = {isa = PBXBuildFile; fileRef = 0ACCF8BE26126E7500B971AB /* ViewController.swift */; };
		0ACCF8C226126E7500B971AB /* Main.storyboard in Resources */ = {isa = PBXBuildFile; fileRef = 0ACCF8C026126E7500B971AB /* Main.storyboard */; };
		0ACCF8C426126E7600B971AB /* Assets.xcassets in Resources */ = {isa = PBXBuildFile; fileRef = 0ACCF8C326126E7600B971AB /* Assets.xcassets */; };
		0ACCF8C726126E7600B971AB /* LaunchScreen.storyboard in Resources */ = {isa = PBXBuildFile; fileRef = 0ACCF8C526126E7600B971AB /* LaunchScreen.storyboard */; };
		0ACCF8D226126E7700B971AB /* WristWatchTests.swift in Sources */ = {isa = PBXBuildFile; fileRef = 0ACCF8D126126E7700B971AB /* WristWatchTests.swift */; };
		0ACCF8DD26126E7700B971AB /* WristWatchUITests.swift in Sources */ = {isa = PBXBuildFile; fileRef = 0ACCF8DC26126E7700B971AB /* WristWatchUITests.swift */; };
		0ACCF9012612902200B971AB /* PlayfairDisplay-SemiBoldItalic.ttf in Resources */ = {isa = PBXBuildFile; fileRef = 0ACCF8F52612902000B971AB /* PlayfairDisplay-SemiBoldItalic.ttf */; };
		0ACCF9022612902200B971AB /* PlayfairDisplay-SemiBoldItalic.ttf in Resources */ = {isa = PBXBuildFile; fileRef = 0ACCF8F52612902000B971AB /* PlayfairDisplay-SemiBoldItalic.ttf */; };
		0ACCF9032612902200B971AB /* PlayfairDisplay-ExtraBold.ttf in Resources */ = {isa = PBXBuildFile; fileRef = 0ACCF8F62612902000B971AB /* PlayfairDisplay-ExtraBold.ttf */; };
		0ACCF9042612902200B971AB /* PlayfairDisplay-ExtraBold.ttf in Resources */ = {isa = PBXBuildFile; fileRef = 0ACCF8F62612902000B971AB /* PlayfairDisplay-ExtraBold.ttf */; };
		0ACCF9052612902200B971AB /* PlayfairDisplay-BoldItalic.ttf in Resources */ = {isa = PBXBuildFile; fileRef = 0ACCF8F72612902100B971AB /* PlayfairDisplay-BoldItalic.ttf */; };
		0ACCF9062612902200B971AB /* PlayfairDisplay-BoldItalic.ttf in Resources */ = {isa = PBXBuildFile; fileRef = 0ACCF8F72612902100B971AB /* PlayfairDisplay-BoldItalic.ttf */; };
		0ACCF9072612902200B971AB /* PlayfairDisplay-ExtraBoldItalic.ttf in Resources */ = {isa = PBXBuildFile; fileRef = 0ACCF8F82612902100B971AB /* PlayfairDisplay-ExtraBoldItalic.ttf */; };
		0ACCF9082612902200B971AB /* PlayfairDisplay-ExtraBoldItalic.ttf in Resources */ = {isa = PBXBuildFile; fileRef = 0ACCF8F82612902100B971AB /* PlayfairDisplay-ExtraBoldItalic.ttf */; };
		0ACCF9092612902200B971AB /* PlayfairDisplay-Regular.ttf in Resources */ = {isa = PBXBuildFile; fileRef = 0ACCF8F92612902100B971AB /* PlayfairDisplay-Regular.ttf */; };
		0ACCF90A2612902200B971AB /* PlayfairDisplay-Regular.ttf in Resources */ = {isa = PBXBuildFile; fileRef = 0ACCF8F92612902100B971AB /* PlayfairDisplay-Regular.ttf */; };
		0ACCF90B2612902200B971AB /* PlayfairDisplay-Bold.ttf in Resources */ = {isa = PBXBuildFile; fileRef = 0ACCF8FA2612902100B971AB /* PlayfairDisplay-Bold.ttf */; };
		0ACCF90C2612902200B971AB /* PlayfairDisplay-Bold.ttf in Resources */ = {isa = PBXBuildFile; fileRef = 0ACCF8FA2612902100B971AB /* PlayfairDisplay-Bold.ttf */; };
		0ACCF90D2612902200B971AB /* PlayfairDisplay-Italic.ttf in Resources */ = {isa = PBXBuildFile; fileRef = 0ACCF8FB2612902100B971AB /* PlayfairDisplay-Italic.ttf */; };
		0ACCF90E2612902200B971AB /* PlayfairDisplay-Italic.ttf in Resources */ = {isa = PBXBuildFile; fileRef = 0ACCF8FB2612902100B971AB /* PlayfairDisplay-Italic.ttf */; };
		0ACCF90F2612902200B971AB /* PlayfairDisplay-Black.ttf in Resources */ = {isa = PBXBuildFile; fileRef = 0ACCF8FC2612902100B971AB /* PlayfairDisplay-Black.ttf */; };
		0ACCF9102612902200B971AB /* PlayfairDisplay-Black.ttf in Resources */ = {isa = PBXBuildFile; fileRef = 0ACCF8FC2612902100B971AB /* PlayfairDisplay-Black.ttf */; };
		0ACCF9112612902200B971AB /* PlayfairDisplay-Medium.ttf in Resources */ = {isa = PBXBuildFile; fileRef = 0ACCF8FD2612902100B971AB /* PlayfairDisplay-Medium.ttf */; };
		0ACCF9122612902200B971AB /* PlayfairDisplay-Medium.ttf in Resources */ = {isa = PBXBuildFile; fileRef = 0ACCF8FD2612902100B971AB /* PlayfairDisplay-Medium.ttf */; };
		0ACCF9132612902200B971AB /* PlayfairDisplay-MediumItalic.ttf in Resources */ = {isa = PBXBuildFile; fileRef = 0ACCF8FE2612902100B971AB /* PlayfairDisplay-MediumItalic.ttf */; };
		0ACCF9142612902200B971AB /* PlayfairDisplay-MediumItalic.ttf in Resources */ = {isa = PBXBuildFile; fileRef = 0ACCF8FE2612902100B971AB /* PlayfairDisplay-MediumItalic.ttf */; };
		0ACCF9152612902200B971AB /* PlayfairDisplay-SemiBold.ttf in Resources */ = {isa = PBXBuildFile; fileRef = 0ACCF8FF2612902200B971AB /* PlayfairDisplay-SemiBold.ttf */; };
		0ACCF9162612902200B971AB /* PlayfairDisplay-SemiBold.ttf in Resources */ = {isa = PBXBuildFile; fileRef = 0ACCF8FF2612902200B971AB /* PlayfairDisplay-SemiBold.ttf */; };
		0ACCF9172612902200B971AB /* PlayfairDisplay-BlackItalic.ttf in Resources */ = {isa = PBXBuildFile; fileRef = 0ACCF9002612902200B971AB /* PlayfairDisplay-BlackItalic.ttf */; };
		0ACCF9182612902200B971AB /* PlayfairDisplay-BlackItalic.ttf in Resources */ = {isa = PBXBuildFile; fileRef = 0ACCF9002612902200B971AB /* PlayfairDisplay-BlackItalic.ttf */; };
/* End PBXBuildFile section */

/* Begin PBXContainerItemProxy section */
		0ACCF8CE26126E7700B971AB /* PBXContainerItemProxy */ = {
			isa = PBXContainerItemProxy;
			containerPortal = 0ACCF8AF26126E7500B971AB /* Project object */;
			proxyType = 1;
			remoteGlobalIDString = 0ACCF8B626126E7500B971AB;
			remoteInfo = WristWatch;
		};
		0ACCF8D926126E7700B971AB /* PBXContainerItemProxy */ = {
			isa = PBXContainerItemProxy;
			containerPortal = 0ACCF8AF26126E7500B971AB /* Project object */;
			proxyType = 1;
			remoteGlobalIDString = 0ACCF8B626126E7500B971AB;
			remoteInfo = WristWatch;
		};
/* End PBXContainerItemProxy section */

/* Begin PBXFileReference section */
		0ACCF8B726126E7500B971AB /* WristWatch.app */ = {isa = PBXFileReference; explicitFileType = wrapper.application; includeInIndex = 0; path = WristWatch.app; sourceTree = BUILT_PRODUCTS_DIR; };
		0ACCF8BA26126E7500B971AB /* AppDelegate.swift */ = {isa = PBXFileReference; lastKnownFileType = sourcecode.swift; path = AppDelegate.swift; sourceTree = "<group>"; };
		0ACCF8BC26126E7500B971AB /* SceneDelegate.swift */ = {isa = PBXFileReference; lastKnownFileType = sourcecode.swift; path = SceneDelegate.swift; sourceTree = "<group>"; };
		0ACCF8BE26126E7500B971AB /* ViewController.swift */ = {isa = PBXFileReference; lastKnownFileType = sourcecode.swift; path = ViewController.swift; sourceTree = "<group>"; };
		0ACCF8C126126E7500B971AB /* Base */ = {isa = PBXFileReference; lastKnownFileType = file.storyboard; name = Base; path = Base.lproj/Main.storyboard; sourceTree = "<group>"; };
		0ACCF8C326126E7600B971AB /* Assets.xcassets */ = {isa = PBXFileReference; lastKnownFileType = folder.assetcatalog; path = Assets.xcassets; sourceTree = "<group>"; };
		0ACCF8C626126E7600B971AB /* Base */ = {isa = PBXFileReference; lastKnownFileType = file.storyboard; name = Base; path = Base.lproj/LaunchScreen.storyboard; sourceTree = "<group>"; };
		0ACCF8C826126E7600B971AB /* Info.plist */ = {isa = PBXFileReference; lastKnownFileType = text.plist.xml; path = Info.plist; sourceTree = "<group>"; };
		0ACCF8CD26126E7700B971AB /* WristWatchTests.xctest */ = {isa = PBXFileReference; explicitFileType = wrapper.cfbundle; includeInIndex = 0; path = WristWatchTests.xctest; sourceTree = BUILT_PRODUCTS_DIR; };
		0ACCF8D126126E7700B971AB /* WristWatchTests.swift */ = {isa = PBXFileReference; lastKnownFileType = sourcecode.swift; path = WristWatchTests.swift; sourceTree = "<group>"; };
		0ACCF8D326126E7700B971AB /* Info.plist */ = {isa = PBXFileReference; lastKnownFileType = text.plist.xml; path = Info.plist; sourceTree = "<group>"; };
		0ACCF8D826126E7700B971AB /* WristWatchUITests.xctest */ = {isa = PBXFileReference; explicitFileType = wrapper.cfbundle; includeInIndex = 0; path = WristWatchUITests.xctest; sourceTree = BUILT_PRODUCTS_DIR; };
		0ACCF8DC26126E7700B971AB /* WristWatchUITests.swift */ = {isa = PBXFileReference; lastKnownFileType = sourcecode.swift; path = WristWatchUITests.swift; sourceTree = "<group>"; };
		0ACCF8DE26126E7700B971AB /* Info.plist */ = {isa = PBXFileReference; lastKnownFileType = text.plist.xml; path = Info.plist; sourceTree = "<group>"; };
		0ACCF8F52612902000B971AB /* PlayfairDisplay-SemiBoldItalic.ttf */ = {isa = PBXFileReference; lastKnownFileType = file; path = "PlayfairDisplay-SemiBoldItalic.ttf"; sourceTree = "<group>"; };
		0ACCF8F62612902000B971AB /* PlayfairDisplay-ExtraBold.ttf */ = {isa = PBXFileReference; lastKnownFileType = file; path = "PlayfairDisplay-ExtraBold.ttf"; sourceTree = "<group>"; };
		0ACCF8F72612902100B971AB /* PlayfairDisplay-BoldItalic.ttf */ = {isa = PBXFileReference; lastKnownFileType = file; path = "PlayfairDisplay-BoldItalic.ttf"; sourceTree = "<group>"; };
		0ACCF8F82612902100B971AB /* PlayfairDisplay-ExtraBoldItalic.ttf */ = {isa = PBXFileReference; lastKnownFileType = file; path = "PlayfairDisplay-ExtraBoldItalic.ttf"; sourceTree = "<group>"; };
		0ACCF8F92612902100B971AB /* PlayfairDisplay-Regular.ttf */ = {isa = PBXFileReference; lastKnownFileType = file; path = "PlayfairDisplay-Regular.ttf"; sourceTree = "<group>"; };
		0ACCF8FA2612902100B971AB /* PlayfairDisplay-Bold.ttf */ = {isa = PBXFileReference; lastKnownFileType = file; path = "PlayfairDisplay-Bold.ttf"; sourceTree = "<group>"; };
		0ACCF8FB2612902100B971AB /* PlayfairDisplay-Italic.ttf */ = {isa = PBXFileReference; lastKnownFileType = file; path = "PlayfairDisplay-Italic.ttf"; sourceTree = "<group>"; };
		0ACCF8FC2612902100B971AB /* PlayfairDisplay-Black.ttf */ = {isa = PBXFileReference; lastKnownFileType = file; path = "PlayfairDisplay-Black.ttf"; sourceTree = "<group>"; };
		0ACCF8FD2612902100B971AB /* PlayfairDisplay-Medium.ttf */ = {isa = PBXFileReference; lastKnownFileType = file; path = "PlayfairDisplay-Medium.ttf"; sourceTree = "<group>"; };
		0ACCF8FE2612902100B971AB /* PlayfairDisplay-MediumItalic.ttf */ = {isa = PBXFileReference; lastKnownFileType = file; path = "PlayfairDisplay-MediumItalic.ttf"; sourceTree = "<group>"; };
		0ACCF8FF2612902200B971AB /* PlayfairDisplay-SemiBold.ttf */ = {isa = PBXFileReference; lastKnownFileType = file; path = "PlayfairDisplay-SemiBold.ttf"; sourceTree = "<group>"; };
		0ACCF9002612902200B971AB /* PlayfairDisplay-BlackItalic.ttf */ = {isa = PBXFileReference; lastKnownFileType = file; path = "PlayfairDisplay-BlackItalic.ttf"; sourceTree = "<group>"; };
/* End PBXFileReference section */

/* Begin PBXFrameworksBuildPhase section */
		0ACCF8B426126E7500B971AB /* Frameworks */ = {
			isa = PBXFrameworksBuildPhase;
			buildActionMask = 2147483647;
			files = (
			);
			runOnlyForDeploymentPostprocessing = 0;
		};
		0ACCF8CA26126E7700B971AB /* Frameworks */ = {
			isa = PBXFrameworksBuildPhase;
			buildActionMask = 2147483647;
			files = (
			);
			runOnlyForDeploymentPostprocessing = 0;
		};
		0ACCF8D526126E7700B971AB /* Frameworks */ = {
			isa = PBXFrameworksBuildPhase;
			buildActionMask = 2147483647;
			files = (
			);
			runOnlyForDeploymentPostprocessing = 0;
		};
/* End PBXFrameworksBuildPhase section */

/* Begin PBXGroup section */
		0ACCF8AE26126E7500B971AB = {
			isa = PBXGroup;
			children = (
				0ACCF8B926126E7500B971AB /* WristWatch */,
				0ACCF8D026126E7700B971AB /* WristWatchTests */,
				0ACCF8DB26126E7700B971AB /* WristWatchUITests */,
				0ACCF8B826126E7500B971AB /* Products */,
			);
			sourceTree = "<group>";
		};
		0ACCF8B826126E7500B971AB /* Products */ = {
			isa = PBXGroup;
			children = (
				0ACCF8B726126E7500B971AB /* WristWatch.app */,
				0ACCF8CD26126E7700B971AB /* WristWatchTests.xctest */,
				0ACCF8D826126E7700B971AB /* WristWatchUITests.xctest */,
			);
			name = Products;
			sourceTree = "<group>";
		};
		0ACCF8B926126E7500B971AB /* WristWatch */ = {
			isa = PBXGroup;
			children = (
				0ACCF8BA26126E7500B971AB /* AppDelegate.swift */,
				0ACCF8BC26126E7500B971AB /* SceneDelegate.swift */,
				0ACCF8BE26126E7500B971AB /* ViewController.swift */,
				0ACCF8C026126E7500B971AB /* Main.storyboard */,
				0ACCF8C326126E7600B971AB /* Assets.xcassets */,
				0ACCF8C526126E7600B971AB /* LaunchScreen.storyboard */,
				0ACCF8C826126E7600B971AB /* Info.plist */,
				0ACCF8F426128FF900B971AB /* fonts */,
			);
			path = WristWatch;
			sourceTree = "<group>";
		};
		0ACCF8D026126E7700B971AB /* WristWatchTests */ = {
			isa = PBXGroup;
			children = (
				0ACCF8D126126E7700B971AB /* WristWatchTests.swift */,
				0ACCF8D326126E7700B971AB /* Info.plist */,
			);
			path = WristWatchTests;
			sourceTree = "<group>";
		};
		0ACCF8DB26126E7700B971AB /* WristWatchUITests */ = {
			isa = PBXGroup;
			children = (
				0ACCF8DC26126E7700B971AB /* WristWatchUITests.swift */,
				0ACCF8DE26126E7700B971AB /* Info.plist */,
			);
			path = WristWatchUITests;
			sourceTree = "<group>";
		};
		0ACCF8F426128FF900B971AB /* fonts */ = {
			isa = PBXGroup;
			children = (
				0ACCF8FC2612902100B971AB /* PlayfairDisplay-Black.ttf */,
				0ACCF9002612902200B971AB /* PlayfairDisplay-BlackItalic.ttf */,
				0ACCF8FA2612902100B971AB /* PlayfairDisplay-Bold.ttf */,
				0ACCF8F72612902100B971AB /* PlayfairDisplay-BoldItalic.ttf */,
				0ACCF8F62612902000B971AB /* PlayfairDisplay-ExtraBold.ttf */,
				0ACCF8F82612902100B971AB /* PlayfairDisplay-ExtraBoldItalic.ttf */,
				0ACCF8FB2612902100B971AB /* PlayfairDisplay-Italic.ttf */,
				0ACCF8FD2612902100B971AB /* PlayfairDisplay-Medium.ttf */,
				0ACCF8FE2612902100B971AB /* PlayfairDisplay-MediumItalic.ttf */,
				0ACCF8F92612902100B971AB /* PlayfairDisplay-Regular.ttf */,
				0ACCF8FF2612902200B971AB /* PlayfairDisplay-SemiBold.ttf */,
				0ACCF8F52612902000B971AB /* PlayfairDisplay-SemiBoldItalic.ttf */,
			);
			path = fonts;
			sourceTree = "<group>";
		};
/* End PBXGroup section */

/* Begin PBXNativeTarget section */
		0ACCF8B626126E7500B971AB /* WristWatch */ = {
			isa = PBXNativeTarget;
			buildConfigurationList = 0ACCF8E126126E7700B971AB /* Build configuration list for PBXNativeTarget "WristWatch" */;
			buildPhases = (
				0ACCF92526129A8B00B971AB /* SwiftLint */,
				0ACCF8B326126E7500B971AB /* Sources */,
				0ACCF8B426126E7500B971AB /* Frameworks */,
				0ACCF8B526126E7500B971AB /* Resources */,
			);
			buildRules = (
			);
			dependencies = (
			);
			name = WristWatch;
			productName = WristWatch;
			productReference = 0ACCF8B726126E7500B971AB /* WristWatch.app */;
			productType = "com.apple.product-type.application";
		};
		0ACCF8CC26126E7700B971AB /* WristWatchTests */ = {
			isa = PBXNativeTarget;
			buildConfigurationList = 0ACCF8E426126E7700B971AB /* Build configuration list for PBXNativeTarget "WristWatchTests" */;
			buildPhases = (
				0ACCF8C926126E7700B971AB /* Sources */,
				0ACCF8CA26126E7700B971AB /* Frameworks */,
				0ACCF8CB26126E7700B971AB /* Resources */,
			);
			buildRules = (
			);
			dependencies = (
				0ACCF8CF26126E7700B971AB /* PBXTargetDependency */,
			);
			name = WristWatchTests;
			productName = WristWatchTests;
			productReference = 0ACCF8CD26126E7700B971AB /* WristWatchTests.xctest */;
			productType = "com.apple.product-type.bundle.unit-test";
		};
		0ACCF8D726126E7700B971AB /* WristWatchUITests */ = {
			isa = PBXNativeTarget;
			buildConfigurationList = 0ACCF8E726126E7700B971AB /* Build configuration list for PBXNativeTarget "WristWatchUITests" */;
			buildPhases = (
				0ACCF8D426126E7700B971AB /* Sources */,
				0ACCF8D526126E7700B971AB /* Frameworks */,
				0ACCF8D626126E7700B971AB /* Resources */,
			);
			buildRules = (
			);
			dependencies = (
				0ACCF8DA26126E7700B971AB /* PBXTargetDependency */,
			);
			name = WristWatchUITests;
			productName = WristWatchUITests;
			productReference = 0ACCF8D826126E7700B971AB /* WristWatchUITests.xctest */;
			productType = "com.apple.product-type.bundle.ui-testing";
		};
/* End PBXNativeTarget section */

/* Begin PBXProject section */
		0ACCF8AF26126E7500B971AB /* Project object */ = {
			isa = PBXProject;
			attributes = {
				LastSwiftUpdateCheck = 1240;
				LastUpgradeCheck = 1240;
				TargetAttributes = {
					0ACCF8B626126E7500B971AB = {
						CreatedOnToolsVersion = 12.4;
					};
					0ACCF8CC26126E7700B971AB = {
						CreatedOnToolsVersion = 12.4;
						TestTargetID = 0ACCF8B626126E7500B971AB;
					};
					0ACCF8D726126E7700B971AB = {
						CreatedOnToolsVersion = 12.4;
						TestTargetID = 0ACCF8B626126E7500B971AB;
					};
				};
			};
			buildConfigurationList = 0ACCF8B226126E7500B971AB /* Build configuration list for PBXProject "WristWatch" */;
			compatibilityVersion = "Xcode 9.3";
			developmentRegion = en;
			hasScannedForEncodings = 0;
			knownRegions = (
				en,
				Base,
			);
			mainGroup = 0ACCF8AE26126E7500B971AB;
			productRefGroup = 0ACCF8B826126E7500B971AB /* Products */;
			projectDirPath = "";
			projectRoot = "";
			targets = (
				0ACCF8B626126E7500B971AB /* WristWatch */,
				0ACCF8CC26126E7700B971AB /* WristWatchTests */,
				0ACCF8D726126E7700B971AB /* WristWatchUITests */,
			);
		};
/* End PBXProject section */

/* Begin PBXResourcesBuildPhase section */
		0ACCF8B526126E7500B971AB /* Resources */ = {
			isa = PBXResourcesBuildPhase;
			buildActionMask = 2147483647;
			files = (
				0ACCF90B2612902200B971AB /* PlayfairDisplay-Bold.ttf in Resources */,
				0ACCF9172612902200B971AB /* PlayfairDisplay-BlackItalic.ttf in Resources */,
				0ACCF9072612902200B971AB /* PlayfairDisplay-ExtraBoldItalic.ttf in Resources */,
				0ACCF90F2612902200B971AB /* PlayfairDisplay-Black.ttf in Resources */,
				0ACCF8C726126E7600B971AB /* LaunchScreen.storyboard in Resources */,
				0ACCF8C426126E7600B971AB /* Assets.xcassets in Resources */,
				0ACCF9032612902200B971AB /* PlayfairDisplay-ExtraBold.ttf in Resources */,
				0ACCF90D2612902200B971AB /* PlayfairDisplay-Italic.ttf in Resources */,
				0ACCF9092612902200B971AB /* PlayfairDisplay-Regular.ttf in Resources */,
				0ACCF9012612902200B971AB /* PlayfairDisplay-SemiBoldItalic.ttf in Resources */,
				0ACCF9052612902200B971AB /* PlayfairDisplay-BoldItalic.ttf in Resources */,
				0ACCF9152612902200B971AB /* PlayfairDisplay-SemiBold.ttf in Resources */,
				0ACCF9132612902200B971AB /* PlayfairDisplay-MediumItalic.ttf in Resources */,
				0ACCF9112612902200B971AB /* PlayfairDisplay-Medium.ttf in Resources */,
				0ACCF8C226126E7500B971AB /* Main.storyboard in Resources */,
			);
			runOnlyForDeploymentPostprocessing = 0;
		};
		0ACCF8CB26126E7700B971AB /* Resources */ = {
			isa = PBXResourcesBuildPhase;
			buildActionMask = 2147483647;
			files = (
			);
			runOnlyForDeploymentPostprocessing = 0;
		};
		0ACCF8D626126E7700B971AB /* Resources */ = {
			isa = PBXResourcesBuildPhase;
			buildActionMask = 2147483647;
			files = (
				0ACCF90C2612902200B971AB /* PlayfairDisplay-Bold.ttf in Resources */,
				0ACCF9182612902200B971AB /* PlayfairDisplay-BlackItalic.ttf in Resources */,
				0ACCF90A2612902200B971AB /* PlayfairDisplay-Regular.ttf in Resources */,
				0ACCF9142612902200B971AB /* PlayfairDisplay-MediumItalic.ttf in Resources */,
				0ACCF9022612902200B971AB /* PlayfairDisplay-SemiBoldItalic.ttf in Resources */,
				0ACCF9082612902200B971AB /* PlayfairDisplay-ExtraBoldItalic.ttf in Resources */,
				0ACCF9122612902200B971AB /* PlayfairDisplay-Medium.ttf in Resources */,
				0ACCF9062612902200B971AB /* PlayfairDisplay-BoldItalic.ttf in Resources */,
				0ACCF9162612902200B971AB /* PlayfairDisplay-SemiBold.ttf in Resources */,
				0ACCF9102612902200B971AB /* PlayfairDisplay-Black.ttf in Resources */,
				0ACCF9042612902200B971AB /* PlayfairDisplay-ExtraBold.ttf in Resources */,
				0ACCF90E2612902200B971AB /* PlayfairDisplay-Italic.ttf in Resources */,
			);
			runOnlyForDeploymentPostprocessing = 0;
		};
/* End PBXResourcesBuildPhase section */

/* Begin PBXShellScriptBuildPhase section */
		0ACCF92526129A8B00B971AB /* SwiftLint */ = {
			isa = PBXShellScriptBuildPhase;
			buildActionMask = 2147483647;
			files = (
			);
			inputFileListPaths = (
			);
			inputPaths = (
			);
			name = SwiftLint;
			outputFileListPaths = (
			);
			outputPaths = (
			);
			runOnlyForDeploymentPostprocessing = 0;
			shellPath = /bin/sh;
			shellScript = "if which swiftlint >/dev/null; then\n  swiftlint\nelse\n  echo \"warning: SwiftLint not installed, download from https://github.com/realm/SwiftLint\"\nfi\n";
		};
/* End PBXShellScriptBuildPhase section */

/* Begin PBXSourcesBuildPhase section */
		0ACCF8B326126E7500B971AB /* Sources */ = {
			isa = PBXSourcesBuildPhase;
			buildActionMask = 2147483647;
			files = (
				0ACCF8BF26126E7500B971AB /* ViewController.swift in Sources */,
				0ACCF8BB26126E7500B971AB /* AppDelegate.swift in Sources */,
				0ACCF8BD26126E7500B971AB /* SceneDelegate.swift in Sources */,
			);
			runOnlyForDeploymentPostprocessing = 0;
		};
		0ACCF8C926126E7700B971AB /* Sources */ = {
			isa = PBXSourcesBuildPhase;
			buildActionMask = 2147483647;
			files = (
				0ACCF8D226126E7700B971AB /* WristWatchTests.swift in Sources */,
			);
			runOnlyForDeploymentPostprocessing = 0;
		};
		0ACCF8D426126E7700B971AB /* Sources */ = {
			isa = PBXSourcesBuildPhase;
			buildActionMask = 2147483647;
			files = (
				0ACCF8DD26126E7700B971AB /* WristWatchUITests.swift in Sources */,
			);
			runOnlyForDeploymentPostprocessing = 0;
		};
/* End PBXSourcesBuildPhase section */

/* Begin PBXTargetDependency section */
		0ACCF8CF26126E7700B971AB /* PBXTargetDependency */ = {
			isa = PBXTargetDependency;
			target = 0ACCF8B626126E7500B971AB /* WristWatch */;
			targetProxy = 0ACCF8CE26126E7700B971AB /* PBXContainerItemProxy */;
		};
		0ACCF8DA26126E7700B971AB /* PBXTargetDependency */ = {
			isa = PBXTargetDependency;
			target = 0ACCF8B626126E7500B971AB /* WristWatch */;
			targetProxy = 0ACCF8D926126E7700B971AB /* PBXContainerItemProxy */;
		};
/* End PBXTargetDependency section */

/* Begin PBXVariantGroup section */
		0ACCF8C026126E7500B971AB /* Main.storyboard */ = {
			isa = PBXVariantGroup;
			children = (
				0ACCF8C126126E7500B971AB /* Base */,
			);
			name = Main.storyboard;
			sourceTree = "<group>";
		};
		0ACCF8C526126E7600B971AB /* LaunchScreen.storyboard */ = {
			isa = PBXVariantGroup;
			children = (
				0ACCF8C626126E7600B971AB /* Base */,
			);
			name = LaunchScreen.storyboard;
			sourceTree = "<group>";
		};
/* End PBXVariantGroup section */

/* Begin XCBuildConfiguration section */
		0ACCF8DF26126E7700B971AB /* Debug */ = {
			isa = XCBuildConfiguration;
			buildSettings = {
				ALWAYS_SEARCH_USER_PATHS = NO;
				CLANG_ANALYZER_NONNULL = YES;
				CLANG_ANALYZER_NUMBER_OBJECT_CONVERSION = YES_AGGRESSIVE;
				CLANG_CXX_LANGUAGE_STANDARD = "gnu++14";
				CLANG_CXX_LIBRARY = "libc++";
				CLANG_ENABLE_MODULES = YES;
				CLANG_ENABLE_OBJC_ARC = YES;
				CLANG_ENABLE_OBJC_WEAK = YES;
				CLANG_WARN_BLOCK_CAPTURE_AUTORELEASING = YES;
				CLANG_WARN_BOOL_CONVERSION = YES;
				CLANG_WARN_COMMA = YES;
				CLANG_WARN_CONSTANT_CONVERSION = YES;
				CLANG_WARN_DEPRECATED_OBJC_IMPLEMENTATIONS = YES;
				CLANG_WARN_DIRECT_OBJC_ISA_USAGE = YES_ERROR;
				CLANG_WARN_DOCUMENTATION_COMMENTS = YES;
				CLANG_WARN_EMPTY_BODY = YES;
				CLANG_WARN_ENUM_CONVERSION = YES;
				CLANG_WARN_INFINITE_RECURSION = YES;
				CLANG_WARN_INT_CONVERSION = YES;
				CLANG_WARN_NON_LITERAL_NULL_CONVERSION = YES;
				CLANG_WARN_OBJC_IMPLICIT_RETAIN_SELF = YES;
				CLANG_WARN_OBJC_LITERAL_CONVERSION = YES;
				CLANG_WARN_OBJC_ROOT_CLASS = YES_ERROR;
				CLANG_WARN_QUOTED_INCLUDE_IN_FRAMEWORK_HEADER = YES;
				CLANG_WARN_RANGE_LOOP_ANALYSIS = YES;
				CLANG_WARN_STRICT_PROTOTYPES = YES;
				CLANG_WARN_SUSPICIOUS_MOVE = YES;
				CLANG_WARN_UNGUARDED_AVAILABILITY = YES_AGGRESSIVE;
				CLANG_WARN_UNREACHABLE_CODE = YES;
				CLANG_WARN__DUPLICATE_METHOD_MATCH = YES;
				COPY_PHASE_STRIP = NO;
				DEBUG_INFORMATION_FORMAT = dwarf;
				ENABLE_STRICT_OBJC_MSGSEND = YES;
				ENABLE_TESTABILITY = YES;
				GCC_C_LANGUAGE_STANDARD = gnu11;
				GCC_DYNAMIC_NO_PIC = NO;
				GCC_NO_COMMON_BLOCKS = YES;
				GCC_OPTIMIZATION_LEVEL = 0;
				GCC_PREPROCESSOR_DEFINITIONS = (
					"DEBUG=1",
					"$(inherited)",
				);
				GCC_WARN_64_TO_32_BIT_CONVERSION = YES;
				GCC_WARN_ABOUT_RETURN_TYPE = YES_ERROR;
				GCC_WARN_UNDECLARED_SELECTOR = YES;
				GCC_WARN_UNINITIALIZED_AUTOS = YES_AGGRESSIVE;
				GCC_WARN_UNUSED_FUNCTION = YES;
				GCC_WARN_UNUSED_VARIABLE = YES;
				IPHONEOS_DEPLOYMENT_TARGET = 14.4;
				MTL_ENABLE_DEBUG_INFO = INCLUDE_SOURCE;
				MTL_FAST_MATH = YES;
				ONLY_ACTIVE_ARCH = YES;
				SDKROOT = iphoneos;
				SWIFT_ACTIVE_COMPILATION_CONDITIONS = DEBUG;
				SWIFT_OPTIMIZATION_LEVEL = "-Onone";
			};
			name = Debug;
		};
		0ACCF8E026126E7700B971AB /* Release */ = {
			isa = XCBuildConfiguration;
			buildSettings = {
				ALWAYS_SEARCH_USER_PATHS = NO;
				CLANG_ANALYZER_NONNULL = YES;
				CLANG_ANALYZER_NUMBER_OBJECT_CONVERSION = YES_AGGRESSIVE;
				CLANG_CXX_LANGUAGE_STANDARD = "gnu++14";
				CLANG_CXX_LIBRARY = "libc++";
				CLANG_ENABLE_MODULES = YES;
				CLANG_ENABLE_OBJC_ARC = YES;
				CLANG_ENABLE_OBJC_WEAK = YES;
				CLANG_WARN_BLOCK_CAPTURE_AUTORELEASING = YES;
				CLANG_WARN_BOOL_CONVERSION = YES;
				CLANG_WARN_COMMA = YES;
				CLANG_WARN_CONSTANT_CONVERSION = YES;
				CLANG_WARN_DEPRECATED_OBJC_IMPLEMENTATIONS = YES;
				CLANG_WARN_DIRECT_OBJC_ISA_USAGE = YES_ERROR;
				CLANG_WARN_DOCUMENTATION_COMMENTS = YES;
				CLANG_WARN_EMPTY_BODY = YES;
				CLANG_WARN_ENUM_CONVERSION = YES;
				CLANG_WARN_INFINITE_RECURSION = YES;
				CLANG_WARN_INT_CONVERSION = YES;
				CLANG_WARN_NON_LITERAL_NULL_CONVERSION = YES;
				CLANG_WARN_OBJC_IMPLICIT_RETAIN_SELF = YES;
				CLANG_WARN_OBJC_LITERAL_CONVERSION = YES;
				CLANG_WARN_OBJC_ROOT_CLASS = YES_ERROR;
				CLANG_WARN_QUOTED_INCLUDE_IN_FRAMEWORK_HEADER = YES;
				CLANG_WARN_RANGE_LOOP_ANALYSIS = YES;
				CLANG_WARN_STRICT_PROTOTYPES = YES;
				CLANG_WARN_SUSPICIOUS_MOVE = YES;
				CLANG_WARN_UNGUARDED_AVAILABILITY = YES_AGGRESSIVE;
				CLANG_WARN_UNREACHABLE_CODE = YES;
				CLANG_WARN__DUPLICATE_METHOD_MATCH = YES;
				COPY_PHASE_STRIP = NO;
				DEBUG_INFORMATION_FORMAT = "dwarf-with-dsym";
				ENABLE_NS_ASSERTIONS = NO;
				ENABLE_STRICT_OBJC_MSGSEND = YES;
				GCC_C_LANGUAGE_STANDARD = gnu11;
				GCC_NO_COMMON_BLOCKS = YES;
				GCC_WARN_64_TO_32_BIT_CONVERSION = YES;
				GCC_WARN_ABOUT_RETURN_TYPE = YES_ERROR;
				GCC_WARN_UNDECLARED_SELECTOR = YES;
				GCC_WARN_UNINITIALIZED_AUTOS = YES_AGGRESSIVE;
				GCC_WARN_UNUSED_FUNCTION = YES;
				GCC_WARN_UNUSED_VARIABLE = YES;
				IPHONEOS_DEPLOYMENT_TARGET = 14.4;
				MTL_ENABLE_DEBUG_INFO = NO;
				MTL_FAST_MATH = YES;
				SDKROOT = iphoneos;
				SWIFT_COMPILATION_MODE = wholemodule;
				SWIFT_OPTIMIZATION_LEVEL = "-O";
				VALIDATE_PRODUCT = YES;
			};
			name = Release;
		};
		0ACCF8E226126E7700B971AB /* Debug */ = {
			isa = XCBuildConfiguration;
			buildSettings = {
				ASSETCATALOG_COMPILER_APPICON_NAME = AppIcon;
				ASSETCATALOG_COMPILER_GLOBAL_ACCENT_COLOR_NAME = AccentColor;
				CODE_SIGN_STYLE = Automatic;
				DEVELOPMENT_TEAM = 69SFKN563E;
				INFOPLIST_FILE = WristWatch/Info.plist;
				IPHONEOS_DEPLOYMENT_TARGET = 13.0;
				LD_RUNPATH_SEARCH_PATHS = (
					"$(inherited)",
					"@executable_path/Frameworks",
				);
				PRODUCT_BUNDLE_IDENTIFIER = com.mduarte.WristWatch;
				PRODUCT_NAME = "$(TARGET_NAME)";
				SWIFT_VERSION = 5.0;
				TARGETED_DEVICE_FAMILY = 1;
			};
			name = Debug;
		};
		0ACCF8E326126E7700B971AB /* Release */ = {
			isa = XCBuildConfiguration;
			buildSettings = {
				ASSETCATALOG_COMPILER_APPICON_NAME = AppIcon;
				ASSETCATALOG_COMPILER_GLOBAL_ACCENT_COLOR_NAME = AccentColor;
				CODE_SIGN_STYLE = Automatic;
				DEVELOPMENT_TEAM = 69SFKN563E;
				INFOPLIST_FILE = WristWatch/Info.plist;
				IPHONEOS_DEPLOYMENT_TARGET = 13.0;
				LD_RUNPATH_SEARCH_PATHS = (
					"$(inherited)",
					"@executable_path/Frameworks",
				);
				PRODUCT_BUNDLE_IDENTIFIER = com.mduarte.WristWatch;
				PRODUCT_NAME = "$(TARGET_NAME)";
				SWIFT_VERSION = 5.0;
				TARGETED_DEVICE_FAMILY = 1;
			};
			name = Release;
		};
		0ACCF8E526126E7700B971AB /* Debug */ = {
			isa = XCBuildConfiguration;
			buildSettings = {
				ALWAYS_EMBED_SWIFT_STANDARD_LIBRARIES = YES;
				BUNDLE_LOADER = "$(TEST_HOST)";
				CODE_SIGN_STYLE = Automatic;
				DEVELOPMENT_TEAM = 69SFKN563E;
				INFOPLIST_FILE = WristWatchTests/Info.plist;
				IPHONEOS_DEPLOYMENT_TARGET = 14.4;
				LD_RUNPATH_SEARCH_PATHS = (
					"$(inherited)",
					"@executable_path/Frameworks",
					"@loader_path/Frameworks",
				);
				PRODUCT_BUNDLE_IDENTIFIER = com.mduarte.WristWatchTests;
				PRODUCT_NAME = "$(TARGET_NAME)";
				SWIFT_VERSION = 5.0;
				TARGETED_DEVICE_FAMILY = "1,2";
				TEST_HOST = "$(BUILT_PRODUCTS_DIR)/WristWatch.app/WristWatch";
			};
			name = Debug;
		};
		0ACCF8E626126E7700B971AB /* Release */ = {
			isa = XCBuildConfiguration;
			buildSettings = {
				ALWAYS_EMBED_SWIFT_STANDARD_LIBRARIES = YES;
				BUNDLE_LOADER = "$(TEST_HOST)";
				CODE_SIGN_STYLE = Automatic;
				DEVELOPMENT_TEAM = 69SFKN563E;
				INFOPLIST_FILE = WristWatchTests/Info.plist;
				IPHONEOS_DEPLOYMENT_TARGET = 14.4;
				LD_RUNPATH_SEARCH_PATHS = (
					"$(inherited)",
					"@executable_path/Frameworks",
					"@loader_path/Frameworks",
				);
				PRODUCT_BUNDLE_IDENTIFIER = com.mduarte.WristWatchTests;
				PRODUCT_NAME = "$(TARGET_NAME)";
				SWIFT_VERSION = 5.0;
				TARGETED_DEVICE_FAMILY = "1,2";
				TEST_HOST = "$(BUILT_PRODUCTS_DIR)/WristWatch.app/WristWatch";
			};
			name = Release;
		};
		0ACCF8E826126E7700B971AB /* Debug */ = {
			isa = XCBuildConfiguration;
			buildSettings = {
				ALWAYS_EMBED_SWIFT_STANDARD_LIBRARIES = YES;
				CODE_SIGN_STYLE = Automatic;
				DEVELOPMENT_TEAM = 69SFKN563E;
				INFOPLIST_FILE = WristWatchUITests/Info.plist;
				LD_RUNPATH_SEARCH_PATHS = (
					"$(inherited)",
					"@executable_path/Frameworks",
					"@loader_path/Frameworks",
				);
				PRODUCT_BUNDLE_IDENTIFIER = com.mduarte.WristWatchUITests;
				PRODUCT_NAME = "$(TARGET_NAME)";
				SWIFT_VERSION = 5.0;
				TARGETED_DEVICE_FAMILY = "1,2";
				TEST_TARGET_NAME = WristWatch;
			};
			name = Debug;
		};
		0ACCF8E926126E7700B971AB /* Release */ = {
			isa = XCBuildConfiguration;
			buildSettings = {
				ALWAYS_EMBED_SWIFT_STANDARD_LIBRARIES = YES;
				CODE_SIGN_STYLE = Automatic;
				DEVELOPMENT_TEAM = 69SFKN563E;
				INFOPLIST_FILE = WristWatchUITests/Info.plist;
				LD_RUNPATH_SEARCH_PATHS = (
					"$(inherited)",
					"@executable_path/Frameworks",
					"@loader_path/Frameworks",
				);
				PRODUCT_BUNDLE_IDENTIFIER = com.mduarte.WristWatchUITests;
				PRODUCT_NAME = "$(TARGET_NAME)";
				SWIFT_VERSION = 5.0;
				TARGETED_DEVICE_FAMILY = "1,2";
				TEST_TARGET_NAME = WristWatch;
			};
			name = Release;
		};
/* End XCBuildConfiguration section */

/* Begin XCConfigurationList section */
		0ACCF8B226126E7500B971AB /* Build configuration list for PBXProject "WristWatch" */ = {
			isa = XCConfigurationList;
			buildConfigurations = (
				0ACCF8DF26126E7700B971AB /* Debug */,
				0ACCF8E026126E7700B971AB /* Release */,
			);
			defaultConfigurationIsVisible = 0;
			defaultConfigurationName = Release;
		};
		0ACCF8E126126E7700B971AB /* Build configuration list for PBXNativeTarget "WristWatch" */ = {
			isa = XCConfigurationList;
			buildConfigurations = (
				0ACCF8E226126E7700B971AB /* Debug */,
				0ACCF8E326126E7700B971AB /* Release */,
			);
			defaultConfigurationIsVisible = 0;
			defaultConfigurationName = Release;
		};
		0ACCF8E426126E7700B971AB /* Build configuration list for PBXNativeTarget "WristWatchTests" */ = {
			isa = XCConfigurationList;
			buildConfigurations = (
				0ACCF8E526126E7700B971AB /* Debug */,
				0ACCF8E626126E7700B971AB /* Release */,
			);
			defaultConfigurationIsVisible = 0;
			defaultConfigurationName = Release;
		};
		0ACCF8E726126E7700B971AB /* Build configuration list for PBXNativeTarget "WristWatchUITests" */ = {
			isa = XCConfigurationList;
			buildConfigurations = (
				0ACCF8E826126E7700B971AB /* Debug */,
				0ACCF8E926126E7700B971AB /* Release */,
			);
			defaultConfigurationIsVisible = 0;
			defaultConfigurationName = Release;
		};
/* End XCConfigurationList section */
	};
	rootObject = 0ACCF8AF26126E7500B971AB /* Project object */;
}
